
Microsoft Visual Studio Solution File, Format Version 12.00
# Visual Studio Version 17
VisualStudioVersion = 17.12.35514.174
MinimumVisualStudioVersion = 10.0.40219.1
Project("{FAE04EC0-301F-11D3-BF4B-00C04F79EFBC}") = "LoanCalculator.Api", "LoanCalculator.Api\LoanCalculator.Api.csproj", "{BDFA8B03-F6A3-4DB3-A457-EEEA91287B18}"
EndProject
Project("{FAE04EC0-301F-11D3-BF4B-00C04F79EFBC}") = "LoanCalculator.Tests", "LoanCalculator.Tests\LoanCalculator.Tests.csproj", "{CCBD01CE-30F8-4FA7-970E-13FAC3B10105}"
EndProject
Global
	GlobalSection(SolutionConfigurationPlatforms) = preSolution
		Debug|Any CPU = Debug|Any CPU
		Release|Any CPU = Release|Any CPU
	EndGlobalSection
	GlobalSection(ProjectConfigurationPlatforms) = postSolution
		{BDFA8B03-F6A3-4DB3-A457-EEEA91287B18}.Debug|Any CPU.ActiveCfg = Debug|Any CPU
		{BDFA8B03-F6A3-4DB3-A457-EEEA91287B18}.Debug|Any CPU.Build.0 = Debug|Any CPU
		{BDFA8B03-F6A3-4DB3-A457-EEEA91287B18}.Release|Any CPU.ActiveCfg = Release|Any CPU
		{BDFA8B03-F6A3-4DB3-A457-EEEA91287B18}.Release|Any CPU.Build.0 = Release|Any CPU
		{CCBD01CE-30F8-4FA7-970E-13FAC3B10105}.Debug|Any CPU.ActiveCfg = Debug|Any CPU
		{CCBD01CE-30F8-4FA7-970E-13FAC3B10105}.Debug|Any CPU.Build.0 = Debug|Any CPU
		{CCBD01CE-30F8-4FA7-970E-13FAC3B10105}.Release|Any CPU.ActiveCfg = Release|Any CPU
		{CCBD01CE-30F8-4FA7-970E-13FAC3B10105}.Release|Any CPU.Build.0 = Release|Any CPU
	EndGlobalSection
	GlobalSection(SolutionProperties) = preSolution
		HideSolutionNode = FALSE
	EndGlobalSection
EndGlobal
